{
  "pins" : [
    {
      "identity" : "swift-case-paths",
      "kind" : "remoteSourceControl",
      "location" : "https://github.com/pointfreeco/swift-case-paths.git",
      "state" : {
        "revision" : "ac1cf1c35b63d70bf05707ad368c9459f31513ff",
        "version" : "0.4.0"
      }
    }
  ],
  "version" : 2
}
